
Microsoft Visual Studio Solution File, Format Version 12.00
# Visual Studio Version 17
VisualStudioVersion = 17.11.35327.3
MinimumVisualStudioVersion = 10.0.40219.1
Project("{9A19103F-16F7-4668-BE54-9A1E7A4F7556}") = "Duwademy", "Duwademy.csproj", "{678D7D9E-AB0F-4335-891E-96E5195FE837}"
EndProject
Global
	GlobalSection(SolutionConfigurationPlatforms) = preSolution
		Debug|Any CPU = Debug|Any CPU
		Release|Any CPU = Release|Any CPU
	EndGlobalSection
	GlobalSection(ProjectConfigurationPlatforms) = postSolution
		{678D7D9E-AB0F-4335-891E-96E5195FE837}.Debug|Any CPU.ActiveCfg = Debug|Any CPU
		{678D7D9E-AB0F-4335-891E-96E5195FE837}.Debug|Any CPU.Build.0 = Debug|Any CPU
		{678D7D9E-AB0F-4335-891E-96E5195FE837}.Release|Any CPU.ActiveCfg = Release|Any CPU
		{678D7D9E-AB0F-4335-891E-96E5195FE837}.Release|Any CPU.Build.0 = Release|Any CPU
	EndGlobalSection
	GlobalSection(SolutionProperties) = preSolution
		HideSolutionNode = FALSE
	EndGlobalSection
	GlobalSection(ExtensibilityGlobals) = postSolution
		SolutionGuid = {CBA1C7FD-E5AC-4497-87B6-A2E63783E68E}
	EndGlobalSection
EndGlobal
